
Microsoft Visual Studio Solution File, Format Version 12.00
# Visual Studio 15
VisualStudioVersion = 15.0.28307.852
MinimumVisualStudioVersion = 10.0.40219.1
Project("{FAE04EC0-301F-11D3-BF4B-00C04F79EFBC}") = "Tapper", "Tapper\Tapper.csproj", "{A88F6F17-2E87-4F64-A769-42EFA9D4B590}"
EndProject
Project("{FAE04EC0-301F-11D3-BF4B-00C04F79EFBC}") = "MathData", "MathData\MathData.csproj", "{BDE06236-9F06-42E6-B93A-556DDC144598}"
EndProject
Global
	GlobalSection(SolutionConfigurationPlatforms) = preSolution
		Debug|Any CPU = Debug|Any CPU
		Release|Any CPU = Release|Any CPU
	EndGlobalSection
	GlobalSection(ProjectConfigurationPlatforms) = postSolution
		{A88F6F17-2E87-4F64-A769-42EFA9D4B590}.Debug|Any CPU.ActiveCfg = Debug|Any CPU
		{A88F6F17-2E87-4F64-A769-42EFA9D4B590}.Debug|Any CPU.Build.0 = Debug|Any CPU
		{A88F6F17-2E87-4F64-A769-42EFA9D4B590}.Release|Any CPU.ActiveCfg = Release|Any CPU
		{A88F6F17-2E87-4F64-A769-42EFA9D4B590}.Release|Any CPU.Build.0 = Release|Any CPU
		{BDE06236-9F06-42E6-B93A-556DDC144598}.Debug|Any CPU.ActiveCfg = Debug|Any CPU
		{BDE06236-9F06-42E6-B93A-556DDC144598}.Debug|Any CPU.Build.0 = Debug|Any CPU
		{BDE06236-9F06-42E6-B93A-556DDC144598}.Release|Any CPU.ActiveCfg = Release|Any CPU
		{BDE06236-9F06-42E6-B93A-556DDC144598}.Release|Any CPU.Build.0 = Release|Any CPU
	EndGlobalSection
	GlobalSection(SolutionProperties) = preSolution
		HideSolutionNode = FALSE
	EndGlobalSection
	GlobalSection(ExtensibilityGlobals) = postSolution
		SolutionGuid = {3AD0250F-6C40-43E7-A454-DB527EC51830}
	EndGlobalSection
EndGlobal
